
Microsoft Visual Studio Solution File, Format Version 12.00
# Visual Studio 15
VisualStudioVersion = 15.0.28010.2046
MinimumVisualStudioVersion = 10.0.40219.1
Project("{FAE04EC0-301F-11D3-BF4B-00C04F79EFBC}") = "Epam.Task3.Round", "Epam.Task3.Round\Epam.Task3.Round.csproj", "{7E537302-A8A8-4644-81D8-A7F4E19507C0}"
EndProject
Project("{FAE04EC0-301F-11D3-BF4B-00C04F79EFBC}") = "Epam.Task3.Triangle", "Epam.Task3.Triangle\Epam.Task3.Triangle.csproj", "{726826ED-3F73-4EE9-845A-FE55C044966B}"
EndProject
Project("{FAE04EC0-301F-11D3-BF4B-00C04F79EFBC}") = "Epam.Task3.User", "Epam.Task3.User\Epam.Task3.User.csproj", "{06B2714E-E98F-4697-BA84-429690C90DF2}"
EndProject
Project("{FAE04EC0-301F-11D3-BF4B-00C04F79EFBC}") = "Epam.Task3.MyString", "Epam.Task3.MyString\Epam.Task3.MyString.csproj", "{6BB1BA7E-A597-466D-9B8F-F78E8CA40B7F}"
EndProject
Project("{FAE04EC0-301F-11D3-BF4B-00C04F79EFBC}") = "Epam.Task3.Employee", "Epam.Task3.Employee\Epam.Task3.Employee.csproj", "{D1697A32-91B3-441B-90B5-B8C0F4EFDE86}"
EndProject
Project("{FAE04EC0-301F-11D3-BF4B-00C04F79EFBC}") = "Epam.Task3.Ring", "Epam.Task3.Ring\Epam.Task3.Ring.csproj", "{A496756E-6ABC-4DAE-A401-7278931144FC}"
EndProject
Project("{FAE04EC0-301F-11D3-BF4B-00C04F79EFBC}") = "Epam.Task3.VectorGraphicsEditor", "Epam.Task3.VectorGraphicsEditor\Epam.Task3.VectorGraphicsEditor.csproj", "{2AA74132-6AEA-4CA9-BE16-77BB084FF4C5}"
EndProject
Project("{FAE04EC0-301F-11D3-BF4B-00C04F79EFBC}") = "Epam.Task3.Game", "Epam.Task3.Game\Epam.Task3.Game.csproj", "{BD256A29-FF0D-4062-9FCB-36765FC25C0C}"
EndProject
Global
	GlobalSection(SolutionConfigurationPlatforms) = preSolution
		Debug|Any CPU = Debug|Any CPU
		Release|Any CPU = Release|Any CPU
	EndGlobalSection
	GlobalSection(ProjectConfigurationPlatforms) = postSolution
		{7E537302-A8A8-4644-81D8-A7F4E19507C0}.Debug|Any CPU.ActiveCfg = Debug|Any CPU
		{7E537302-A8A8-4644-81D8-A7F4E19507C0}.Debug|Any CPU.Build.0 = Debug|Any CPU
		{7E537302-A8A8-4644-81D8-A7F4E19507C0}.Release|Any CPU.ActiveCfg = Release|Any CPU
		{7E537302-A8A8-4644-81D8-A7F4E19507C0}.Release|Any CPU.Build.0 = Release|Any CPU
		{726826ED-3F73-4EE9-845A-FE55C044966B}.Debug|Any CPU.ActiveCfg = Debug|Any CPU
		{726826ED-3F73-4EE9-845A-FE55C044966B}.Debug|Any CPU.Build.0 = Debug|Any CPU
		{726826ED-3F73-4EE9-845A-FE55C044966B}.Release|Any CPU.ActiveCfg = Release|Any CPU
		{726826ED-3F73-4EE9-845A-FE55C044966B}.Release|Any CPU.Build.0 = Release|Any CPU
		{06B2714E-E98F-4697-BA84-429690C90DF2}.Debug|Any CPU.ActiveCfg = Debug|Any CPU
		{06B2714E-E98F-4697-BA84-429690C90DF2}.Debug|Any CPU.Build.0 = Debug|Any CPU
		{06B2714E-E98F-4697-BA84-429690C90DF2}.Release|Any CPU.ActiveCfg = Release|Any CPU
		{06B2714E-E98F-4697-BA84-429690C90DF2}.Release|Any CPU.Build.0 = Release|Any CPU
		{6BB1BA7E-A597-466D-9B8F-F78E8CA40B7F}.Debug|Any CPU.ActiveCfg = Debug|Any CPU
		{6BB1BA7E-A597-466D-9B8F-F78E8CA40B7F}.Debug|Any CPU.Build.0 = Debug|Any CPU
		{6BB1BA7E-A597-466D-9B8F-F78E8CA40B7F}.Release|Any CPU.ActiveCfg = Release|Any CPU
		{6BB1BA7E-A597-466D-9B8F-F78E8CA40B7F}.Release|Any CPU.Build.0 = Release|Any CPU
		{D1697A32-91B3-441B-90B5-B8C0F4EFDE86}.Debug|Any CPU.ActiveCfg = Debug|Any CPU
		{D1697A32-91B3-441B-90B5-B8C0F4EFDE86}.Debug|Any CPU.Build.0 = Debug|Any CPU
		{D1697A32-91B3-441B-90B5-B8C0F4EFDE86}.Release|Any CPU.ActiveCfg = Release|Any CPU
		{D1697A32-91B3-441B-90B5-B8C0F4EFDE86}.Release|Any CPU.Build.0 = Release|Any CPU
		{A496756E-6ABC-4DAE-A401-7278931144FC}.Debug|Any CPU.ActiveCfg = Debug|Any CPU
		{A496756E-6ABC-4DAE-A401-7278931144FC}.Debug|Any CPU.Build.0 = Debug|Any CPU
		{A496756E-6ABC-4DAE-A401-7278931144FC}.Release|Any CPU.ActiveCfg = Release|Any CPU
		{A496756E-6ABC-4DAE-A401-7278931144FC}.Release|Any CPU.Build.0 = Release|Any CPU
		{2AA74132-6AEA-4CA9-BE16-77BB084FF4C5}.Debug|Any CPU.ActiveCfg = Debug|Any CPU
		{2AA74132-6AEA-4CA9-BE16-77BB084FF4C5}.Debug|Any CPU.Build.0 = Debug|Any CPU
		{2AA74132-6AEA-4CA9-BE16-77BB084FF4C5}.Release|Any CPU.ActiveCfg = Release|Any CPU
		{2AA74132-6AEA-4CA9-BE16-77BB084FF4C5}.Release|Any CPU.Build.0 = Release|Any CPU
		{BD256A29-FF0D-4062-9FCB-36765FC25C0C}.Debug|Any CPU.ActiveCfg = Debug|Any CPU
		{BD256A29-FF0D-4062-9FCB-36765FC25C0C}.Debug|Any CPU.Build.0 = Debug|Any CPU
		{BD256A29-FF0D-4062-9FCB-36765FC25C0C}.Release|Any CPU.ActiveCfg = Release|Any CPU
		{BD256A29-FF0D-4062-9FCB-36765FC25C0C}.Release|Any CPU.Build.0 = Release|Any CPU
	EndGlobalSection
	GlobalSection(SolutionProperties) = preSolution
		HideSolutionNode = FALSE
	EndGlobalSection
	GlobalSection(ExtensibilityGlobals) = postSolution
		SolutionGuid = {233398D4-3298-4BF9-B2F0-89B2819C1632}
	EndGlobalSection
EndGlobal
