
Microsoft Visual Studio Solution File, Format Version 12.00
# Visual Studio 15
VisualStudioVersion = 15.0.28010.2046
MinimumVisualStudioVersion = 10.0.40219.1
Project("{FAE04EC0-301F-11D3-BF4B-00C04F79EFBC}") = "Epam.Task4.Lost", "Epam.Task4.Lost\Epam.Task4.Lost.csproj", "{BFA05362-987D-4326-9EC2-88E80E7AF081}"
EndProject
Project("{FAE04EC0-301F-11D3-BF4B-00C04F79EFBC}") = "Epam.Task4.WordFrequency", "Epam.Task4.WordFrequency\Epam.Task4.WordFrequency.csproj", "{D93E2CC0-CCB6-4277-8E9D-791328231347}"
EndProject
Project("{FAE04EC0-301F-11D3-BF4B-00C04F79EFBC}") = "Epam.Task4.DynamicArray", "Epam.Task4.DynamicArray\Epam.Task4.DynamicArray.csproj", "{0252163B-CFB0-4040-A1DF-3F4251DB5A5A}"
EndProject
Project("{FAE04EC0-301F-11D3-BF4B-00C04F79EFBC}") = "Epam.Task4.DynamicArray(HardcoreMode)", "Epam.Task4.DynamicArray(HardcoreMode)\Epam.Task4.DynamicArray(HardcoreMode).csproj", "{896174A0-3544-4772-B901-217F5674DAB0}"
EndProject
Global
	GlobalSection(SolutionConfigurationPlatforms) = preSolution
		Debug|Any CPU = Debug|Any CPU
		Release|Any CPU = Release|Any CPU
	EndGlobalSection
	GlobalSection(ProjectConfigurationPlatforms) = postSolution
		{BFA05362-987D-4326-9EC2-88E80E7AF081}.Debug|Any CPU.ActiveCfg = Debug|Any CPU
		{BFA05362-987D-4326-9EC2-88E80E7AF081}.Debug|Any CPU.Build.0 = Debug|Any CPU
		{BFA05362-987D-4326-9EC2-88E80E7AF081}.Release|Any CPU.ActiveCfg = Release|Any CPU
		{BFA05362-987D-4326-9EC2-88E80E7AF081}.Release|Any CPU.Build.0 = Release|Any CPU
		{D93E2CC0-CCB6-4277-8E9D-791328231347}.Debug|Any CPU.ActiveCfg = Debug|Any CPU
		{D93E2CC0-CCB6-4277-8E9D-791328231347}.Debug|Any CPU.Build.0 = Debug|Any CPU
		{D93E2CC0-CCB6-4277-8E9D-791328231347}.Release|Any CPU.ActiveCfg = Release|Any CPU
		{D93E2CC0-CCB6-4277-8E9D-791328231347}.Release|Any CPU.Build.0 = Release|Any CPU
		{0252163B-CFB0-4040-A1DF-3F4251DB5A5A}.Debug|Any CPU.ActiveCfg = Debug|Any CPU
		{0252163B-CFB0-4040-A1DF-3F4251DB5A5A}.Debug|Any CPU.Build.0 = Debug|Any CPU
		{0252163B-CFB0-4040-A1DF-3F4251DB5A5A}.Release|Any CPU.ActiveCfg = Release|Any CPU
		{0252163B-CFB0-4040-A1DF-3F4251DB5A5A}.Release|Any CPU.Build.0 = Release|Any CPU
		{896174A0-3544-4772-B901-217F5674DAB0}.Debug|Any CPU.ActiveCfg = Debug|Any CPU
		{896174A0-3544-4772-B901-217F5674DAB0}.Debug|Any CPU.Build.0 = Debug|Any CPU
		{896174A0-3544-4772-B901-217F5674DAB0}.Release|Any CPU.ActiveCfg = Release|Any CPU
		{896174A0-3544-4772-B901-217F5674DAB0}.Release|Any CPU.Build.0 = Release|Any CPU
	EndGlobalSection
	GlobalSection(SolutionProperties) = preSolution
		HideSolutionNode = FALSE
	EndGlobalSection
	GlobalSection(ExtensibilityGlobals) = postSolution
		SolutionGuid = {F0AD5141-175A-4D90-86B8-8B3CD5297A72}
	EndGlobalSection
EndGlobal
