
Microsoft Visual Studio Solution File, Format Version 12.00
# Visual Studio 15
VisualStudioVersion = 15.0.28010.2046
MinimumVisualStudioVersion = 10.0.40219.1
Project("{FAE04EC0-301F-11D3-BF4B-00C04F79EFBC}") = "Epam.Task2.Rectangle", "Epam.Task2.Rectangle\Epam.Task2.Rectangle.csproj", "{AAD12883-0530-4A04-A9EC-532B945A05DA}"
EndProject
Project("{FAE04EC0-301F-11D3-BF4B-00C04F79EFBC}") = "Epam.Task2.Triangle", "Epam.Task2.Triangle\Epam.Task2.Triangle.csproj", "{E6DC8327-55FB-4AA2-A4FA-D7EB8BD9FC6B}"
EndProject
Project("{FAE04EC0-301F-11D3-BF4B-00C04F79EFBC}") = "Epam.Task2.AnotherTriangle", "Epam.Task2.AnotherTriangle\Epam.Task2.AnotherTriangle.csproj", "{0E992DC1-6835-4A4E-A06D-CDB27986D06C}"
EndProject
Project("{FAE04EC0-301F-11D3-BF4B-00C04F79EFBC}") = "Epam.Task2.X-masTree", "Epam.Task2.X-masTree\Epam.Task2.X-masTree.csproj", "{C5F3BDA4-238C-4AC7-ADC2-1D25E3761E1B}"
EndProject
Project("{FAE04EC0-301F-11D3-BF4B-00C04F79EFBC}") = "Epam.Task2.SumOfNumbers", "Epam.Task2.SumOfNumbers\Epam.Task2.SumOfNumbers.csproj", "{B0514033-B9FE-43EE-8A78-DF61F4753A76}"
EndProject
Project("{FAE04EC0-301F-11D3-BF4B-00C04F79EFBC}") = "Epam.Task2.ArrayProcessing", "Epam.Task2.ArrayProcessing\Epam.Task2.ArrayProcessing.csproj", "{0EDE0D4C-24EE-4147-8396-512501916A26}"
EndProject
Project("{FAE04EC0-301F-11D3-BF4B-00C04F79EFBC}") = "Epam.Task2.NoPositive", "Epam.Task2.NoPositive\Epam.Task2.NoPositive.csproj", "{31489303-0277-4F28-8333-B1B6E075EAF0}"
EndProject
Project("{FAE04EC0-301F-11D3-BF4B-00C04F79EFBC}") = "Epam.Task2.Non-negativeSum", "Epam.Task2.Non-negativeSum\Epam.Task2.Non-negativeSum.csproj", "{66F456C8-E70E-4F96-95BB-A0CC69B21181}"
EndProject
Project("{FAE04EC0-301F-11D3-BF4B-00C04F79EFBC}") = "Epam.Task2.2DArray", "Epam.Task2.2DArray\Epam.Task2.2DArray.csproj", "{065107E6-CF46-465A-A256-F22980EE8B23}"
EndProject
Project("{FAE04EC0-301F-11D3-BF4B-00C04F79EFBC}") = "Epam.Task2.AverageStringLength", "Epam.Task2.AverageStringLength\Epam.Task2.AverageStringLength.csproj", "{50DC8DA7-BDDF-4DD1-B290-D2B0FEC32A8B}"
EndProject
Project("{FAE04EC0-301F-11D3-BF4B-00C04F79EFBC}") = "Epam.Task2.CharDoubler", "Epam.Task2.CharDoubler\Epam.Task2.CharDoubler.csproj", "{0C53D144-B6DB-4DC2-B3F7-A43CCAD12A7A}"
EndProject
Project("{FAE04EC0-301F-11D3-BF4B-00C04F79EFBC}") = "Epam.Task2.FontAdjustment", "Epam.Task2.FontAdjustment\Epam.Task2.FontAdjustment.csproj", "{F3EEB32F-3092-4983-BA45-5DED57981956}"
EndProject
Global
	GlobalSection(SolutionConfigurationPlatforms) = preSolution
		Debug|Any CPU = Debug|Any CPU
		Release|Any CPU = Release|Any CPU
	EndGlobalSection
	GlobalSection(ProjectConfigurationPlatforms) = postSolution
		{AAD12883-0530-4A04-A9EC-532B945A05DA}.Debug|Any CPU.ActiveCfg = Debug|Any CPU
		{AAD12883-0530-4A04-A9EC-532B945A05DA}.Debug|Any CPU.Build.0 = Debug|Any CPU
		{AAD12883-0530-4A04-A9EC-532B945A05DA}.Release|Any CPU.ActiveCfg = Release|Any CPU
		{AAD12883-0530-4A04-A9EC-532B945A05DA}.Release|Any CPU.Build.0 = Release|Any CPU
		{E6DC8327-55FB-4AA2-A4FA-D7EB8BD9FC6B}.Debug|Any CPU.ActiveCfg = Debug|Any CPU
		{E6DC8327-55FB-4AA2-A4FA-D7EB8BD9FC6B}.Debug|Any CPU.Build.0 = Debug|Any CPU
		{E6DC8327-55FB-4AA2-A4FA-D7EB8BD9FC6B}.Release|Any CPU.ActiveCfg = Release|Any CPU
		{E6DC8327-55FB-4AA2-A4FA-D7EB8BD9FC6B}.Release|Any CPU.Build.0 = Release|Any CPU
		{0E992DC1-6835-4A4E-A06D-CDB27986D06C}.Debug|Any CPU.ActiveCfg = Debug|Any CPU
		{0E992DC1-6835-4A4E-A06D-CDB27986D06C}.Debug|Any CPU.Build.0 = Debug|Any CPU
		{0E992DC1-6835-4A4E-A06D-CDB27986D06C}.Release|Any CPU.ActiveCfg = Release|Any CPU
		{0E992DC1-6835-4A4E-A06D-CDB27986D06C}.Release|Any CPU.Build.0 = Release|Any CPU
		{C5F3BDA4-238C-4AC7-ADC2-1D25E3761E1B}.Debug|Any CPU.ActiveCfg = Debug|Any CPU
		{C5F3BDA4-238C-4AC7-ADC2-1D25E3761E1B}.Debug|Any CPU.Build.0 = Debug|Any CPU
		{C5F3BDA4-238C-4AC7-ADC2-1D25E3761E1B}.Release|Any CPU.ActiveCfg = Release|Any CPU
		{C5F3BDA4-238C-4AC7-ADC2-1D25E3761E1B}.Release|Any CPU.Build.0 = Release|Any CPU
		{B0514033-B9FE-43EE-8A78-DF61F4753A76}.Debug|Any CPU.ActiveCfg = Debug|Any CPU
		{B0514033-B9FE-43EE-8A78-DF61F4753A76}.Debug|Any CPU.Build.0 = Debug|Any CPU
		{B0514033-B9FE-43EE-8A78-DF61F4753A76}.Release|Any CPU.ActiveCfg = Release|Any CPU
		{B0514033-B9FE-43EE-8A78-DF61F4753A76}.Release|Any CPU.Build.0 = Release|Any CPU
		{0EDE0D4C-24EE-4147-8396-512501916A26}.Debug|Any CPU.ActiveCfg = Debug|Any CPU
		{0EDE0D4C-24EE-4147-8396-512501916A26}.Debug|Any CPU.Build.0 = Debug|Any CPU
		{0EDE0D4C-24EE-4147-8396-512501916A26}.Release|Any CPU.ActiveCfg = Release|Any CPU
		{0EDE0D4C-24EE-4147-8396-512501916A26}.Release|Any CPU.Build.0 = Release|Any CPU
		{31489303-0277-4F28-8333-B1B6E075EAF0}.Debug|Any CPU.ActiveCfg = Debug|Any CPU
		{31489303-0277-4F28-8333-B1B6E075EAF0}.Debug|Any CPU.Build.0 = Debug|Any CPU
		{31489303-0277-4F28-8333-B1B6E075EAF0}.Release|Any CPU.ActiveCfg = Release|Any CPU
		{31489303-0277-4F28-8333-B1B6E075EAF0}.Release|Any CPU.Build.0 = Release|Any CPU
		{66F456C8-E70E-4F96-95BB-A0CC69B21181}.Debug|Any CPU.ActiveCfg = Debug|Any CPU
		{66F456C8-E70E-4F96-95BB-A0CC69B21181}.Debug|Any CPU.Build.0 = Debug|Any CPU
		{66F456C8-E70E-4F96-95BB-A0CC69B21181}.Release|Any CPU.ActiveCfg = Release|Any CPU
		{66F456C8-E70E-4F96-95BB-A0CC69B21181}.Release|Any CPU.Build.0 = Release|Any CPU
		{065107E6-CF46-465A-A256-F22980EE8B23}.Debug|Any CPU.ActiveCfg = Debug|Any CPU
		{065107E6-CF46-465A-A256-F22980EE8B23}.Debug|Any CPU.Build.0 = Debug|Any CPU
		{065107E6-CF46-465A-A256-F22980EE8B23}.Release|Any CPU.ActiveCfg = Release|Any CPU
		{065107E6-CF46-465A-A256-F22980EE8B23}.Release|Any CPU.Build.0 = Release|Any CPU
		{50DC8DA7-BDDF-4DD1-B290-D2B0FEC32A8B}.Debug|Any CPU.ActiveCfg = Debug|Any CPU
		{50DC8DA7-BDDF-4DD1-B290-D2B0FEC32A8B}.Debug|Any CPU.Build.0 = Debug|Any CPU
		{50DC8DA7-BDDF-4DD1-B290-D2B0FEC32A8B}.Release|Any CPU.ActiveCfg = Release|Any CPU
		{50DC8DA7-BDDF-4DD1-B290-D2B0FEC32A8B}.Release|Any CPU.Build.0 = Release|Any CPU
		{0C53D144-B6DB-4DC2-B3F7-A43CCAD12A7A}.Debug|Any CPU.ActiveCfg = Debug|Any CPU
		{0C53D144-B6DB-4DC2-B3F7-A43CCAD12A7A}.Debug|Any CPU.Build.0 = Debug|Any CPU
		{0C53D144-B6DB-4DC2-B3F7-A43CCAD12A7A}.Release|Any CPU.ActiveCfg = Release|Any CPU
		{0C53D144-B6DB-4DC2-B3F7-A43CCAD12A7A}.Release|Any CPU.Build.0 = Release|Any CPU
		{F3EEB32F-3092-4983-BA45-5DED57981956}.Debug|Any CPU.ActiveCfg = Debug|Any CPU
		{F3EEB32F-3092-4983-BA45-5DED57981956}.Debug|Any CPU.Build.0 = Debug|Any CPU
		{F3EEB32F-3092-4983-BA45-5DED57981956}.Release|Any CPU.ActiveCfg = Release|Any CPU
		{F3EEB32F-3092-4983-BA45-5DED57981956}.Release|Any CPU.Build.0 = Release|Any CPU
	EndGlobalSection
	GlobalSection(SolutionProperties) = preSolution
		HideSolutionNode = FALSE
	EndGlobalSection
	GlobalSection(ExtensibilityGlobals) = postSolution
		SolutionGuid = {4025DF34-9DB3-4466-A1DB-88F04A7274A6}
	EndGlobalSection
EndGlobal
